// !$*UTF8*$!
{
	archiveVersion = 1;
	classes = {
	};
	objectVersion = 50;
	objects = {

/* Begin PBXBuildFile section */
		57762306E2D034D56776F44C /* Pods_HitArcheryScoringUITests.framework in Frameworks */ = {isa = PBXBuildFile; fileRef = 9FC8CD36C06137F8FEF41057 /* Pods_HitArcheryScoringUITests.framework */; };
		AC3F9BC5EC66F75781C10B06 /* Pods_HitArcheryScoring.framework in Frameworks */ = {isa = PBXBuildFile; fileRef = 52A091EBF9E11F8CA7AD0FB8 /* Pods_HitArcheryScoring.framework */; };
		C0398E7922A9188F0084D5CE /* BowAnimationData.json in Resources */ = {isa = PBXBuildFile; fileRef = C0398E7822A9188F0084D5CE /* BowAnimationData.json */; };
		C0398E7B22A9C6FE0084D5CE /* customTabBar.swift in Sources */ = {isa = PBXBuildFile; fileRef = C0398E7A22A9C6FE0084D5CE /* customTabBar.swift */; };
		C0398E7D22A9D23C0084D5CE /* profileScreen.swift in Sources */ = {isa = PBXBuildFile; fileRef = C0398E7C22A9D23C0084D5CE /* profileScreen.swift */; };
		C0398E7F22A9D2F70084D5CE /* historyScreen.swift in Sources */ = {isa = PBXBuildFile; fileRef = C0398E7E22A9D2F70084D5CE /* historyScreen.swift */; };
		C0398E8122A9D50B0084D5CE /* Trophy.json in Resources */ = {isa = PBXBuildFile; fileRef = C0398E8022A9D50B0084D5CE /* Trophy.json */; };
		C0398E8322AC60320084D5CE /* historyCell.swift in Sources */ = {isa = PBXBuildFile; fileRef = C0398E8222AC60320084D5CE /* historyCell.swift */; };
		C03C55B222A2269C003290C7 /* AppDelegate.swift in Sources */ = {isa = PBXBuildFile; fileRef = C03C55B122A2269C003290C7 /* AppDelegate.swift */; };
		C03C55B422A2269C003290C7 /* targetScoring.swift in Sources */ = {isa = PBXBuildFile; fileRef = C03C55B322A2269C003290C7 /* targetScoring.swift */; };
		C03C55B722A2269C003290C7 /* Main.storyboard in Resources */ = {isa = PBXBuildFile; fileRef = C03C55B522A2269C003290C7 /* Main.storyboard */; };
		C03C55B922A2269D003290C7 /* Assets.xcassets in Resources */ = {isa = PBXBuildFile; fileRef = C03C55B822A2269D003290C7 /* Assets.xcassets */; };
		C03C55BC22A2269D003290C7 /* LaunchScreen.storyboard in Resources */ = {isa = PBXBuildFile; fileRef = C03C55BA22A2269D003290C7 /* LaunchScreen.storyboard */; };
		C03C55C722A2269D003290C7 /* HitArcheryScoringTests.swift in Sources */ = {isa = PBXBuildFile; fileRef = C03C55C622A2269D003290C7 /* HitArcheryScoringTests.swift */; };
		C03C55D222A2269D003290C7 /* HitArcheryScoringUITests.swift in Sources */ = {isa = PBXBuildFile; fileRef = C03C55D122A2269D003290C7 /* HitArcheryScoringUITests.swift */; };
		C0729FEE22A7605600A283FB /* keyboard.xib in Resources */ = {isa = PBXBuildFile; fileRef = C0729FED22A7605600A283FB /* keyboard.xib */; };
		C0729FF022A7632200A283FB /* keyboard.swift in Sources */ = {isa = PBXBuildFile; fileRef = C0729FEF22A7632200A283FB /* keyboard.swift */; };
		C0729FF222A7C83C00A283FB /* cancelScoring.storyboard in Resources */ = {isa = PBXBuildFile; fileRef = C0729FF122A7C83C00A283FB /* cancelScoring.storyboard */; };
		C0729FF422A7C85C00A283FB /* cancelScoring.swift in Sources */ = {isa = PBXBuildFile; fileRef = C0729FF322A7C85C00A283FB /* cancelScoring.swift */; };
		C0729FF622A89C0600A283FB /* finishScoring.storyboard in Resources */ = {isa = PBXBuildFile; fileRef = C0729FF522A89C0600A283FB /* finishScoring.storyboard */; };
		C0729FF822A89C2F00A283FB /* finishScoring.swift in Sources */ = {isa = PBXBuildFile; fileRef = C0729FF722A89C2F00A283FB /* finishScoring.swift */; };
		C0729FFA22A8A6FE00A283FB /* congratsScreen.storyboard in Resources */ = {isa = PBXBuildFile; fileRef = C0729FF922A8A6FE00A283FB /* congratsScreen.storyboard */; };
		C0729FFC22A8A71A00A283FB /* congratsScreen.swift in Sources */ = {isa = PBXBuildFile; fileRef = C0729FFB22A8A71A00A283FB /* congratsScreen.swift */; };
		C0729FFE22A8EEF700A283FB /* congratsEndCell.swift in Sources */ = {isa = PBXBuildFile; fileRef = C0729FFD22A8EEF700A283FB /* congratsEndCell.swift */; };
		C07C919722A4EFC3005CCF98 /* targetScoring.storyboard in Resources */ = {isa = PBXBuildFile; fileRef = C07C919622A4EFC3005CCF98 /* targetScoring.storyboard */; };
		C07C919A22A4EFFF005CCF98 /* HomeScreen.swift in Sources */ = {isa = PBXBuildFile; fileRef = C07C919922A4EFFF005CCF98 /* HomeScreen.swift */; };
		C07C919D22A50701005CCF98 /* startScoring.storyboard in Resources */ = {isa = PBXBuildFile; fileRef = C07C919C22A50701005CCF98 /* startScoring.storyboard */; };
		C07C919F22A50725005CCF98 /* startScoring.swift in Sources */ = {isa = PBXBuildFile; fileRef = C07C919E22A50725005CCF98 /* startScoring.swift */; };
		C07C91A422A61EF6005CCF98 /* ScoringRoundCell.swift in Sources */ = {isa = PBXBuildFile; fileRef = C07C91A322A61EF6005CCF98 /* ScoringRoundCell.swift */; };
		C07C91A622A71B18005CCF98 /* textScoring.storyboard in Resources */ = {isa = PBXBuildFile; fileRef = C07C91A522A71B18005CCF98 /* textScoring.storyboard */; };
		C07C91A822A71B50005CCF98 /* textScoring.swift in Sources */ = {isa = PBXBuildFile; fileRef = C07C91A722A71B50005CCF98 /* textScoring.swift */; };
		C07C91AA22A7251E005CCF98 /* threeArrowEndCell.swift in Sources */ = {isa = PBXBuildFile; fileRef = C07C91A922A7251E005CCF98 /* threeArrowEndCell.swift */; };
		E026034611A3E949BF45F322 /* Pods_HitArcheryScoringTests.framework in Frameworks */ = {isa = PBXBuildFile; fileRef = D2D6689ED3DCF38E98843A35 /* Pods_HitArcheryScoringTests.framework */; };
/* End PBXBuildFile section */

/* Begin PBXContainerItemProxy section */
		C03C55C322A2269D003290C7 /* PBXContainerItemProxy */ = {
			isa = PBXContainerItemProxy;
			containerPortal = C03C55A622A2269C003290C7 /* Project object */;
			proxyType = 1;
			remoteGlobalIDString = C03C55AD22A2269C003290C7;
			remoteInfo = HitArcheryScoring;
		};
		C03C55CE22A2269D003290C7 /* PBXContainerItemProxy */ = {
			isa = PBXContainerItemProxy;
			containerPortal = C03C55A622A2269C003290C7 /* Project object */;
			proxyType = 1;
			remoteGlobalIDString = C03C55AD22A2269C003290C7;
			remoteInfo = HitArcheryScoring;
		};
/* End PBXContainerItemProxy section */

/* Begin PBXFileReference section */
		13593F812E66B586A8C4E7E5 /* Pods-HitArcheryScoring.debug.xcconfig */ = {isa = PBXFileReference; includeInIndex = 1; lastKnownFileType = text.xcconfig; name = "Pods-HitArcheryScoring.debug.xcconfig"; path = "Pods/Target Support Files/Pods-HitArcheryScoring/Pods-HitArcheryScoring.debug.xcconfig"; sourceTree = "<group>"; };
		33721BCCFF9B2BCBEEF6DE00 /* Pods-HitArcheryScoringUITests.release.xcconfig */ = {isa = PBXFileReference; includeInIndex = 1; lastKnownFileType = text.xcconfig; name = "Pods-HitArcheryScoringUITests.release.xcconfig"; path = "Pods/Target Support Files/Pods-HitArcheryScoringUITests/Pods-HitArcheryScoringUITests.release.xcconfig"; sourceTree = "<group>"; };
		52A091EBF9E11F8CA7AD0FB8 /* Pods_HitArcheryScoring.framework */ = {isa = PBXFileReference; explicitFileType = wrapper.framework; includeInIndex = 0; path = Pods_HitArcheryScoring.framework; sourceTree = BUILT_PRODUCTS_DIR; };
		9FC8CD36C06137F8FEF41057 /* Pods_HitArcheryScoringUITests.framework */ = {isa = PBXFileReference; explicitFileType = wrapper.framework; includeInIndex = 0; path = Pods_HitArcheryScoringUITests.framework; sourceTree = BUILT_PRODUCTS_DIR; };
		9FF2B8DE71FAB6B81835CD2D /* Pods-HitArcheryScoringTests.release.xcconfig */ = {isa = PBXFileReference; includeInIndex = 1; lastKnownFileType = text.xcconfig; name = "Pods-HitArcheryScoringTests.release.xcconfig"; path = "Pods/Target Support Files/Pods-HitArcheryScoringTests/Pods-HitArcheryScoringTests.release.xcconfig"; sourceTree = "<group>"; };
		B4A6D140C90535F103A8F106 /* Pods-HitArcheryScoringUITests.debug.xcconfig */ = {isa = PBXFileReference; includeInIndex = 1; lastKnownFileType = text.xcconfig; name = "Pods-HitArcheryScoringUITests.debug.xcconfig"; path = "Pods/Target Support Files/Pods-HitArcheryScoringUITests/Pods-HitArcheryScoringUITests.debug.xcconfig"; sourceTree = "<group>"; };
		C0398E7822A9188F0084D5CE /* BowAnimationData.json */ = {isa = PBXFileReference; fileEncoding = 4; lastKnownFileType = text.json; path = BowAnimationData.json; sourceTree = "<group>"; };
		C0398E7A22A9C6FE0084D5CE /* customTabBar.swift */ = {isa = PBXFileReference; lastKnownFileType = sourcecode.swift; path = customTabBar.swift; sourceTree = "<group>"; };
		C0398E7C22A9D23C0084D5CE /* profileScreen.swift */ = {isa = PBXFileReference; lastKnownFileType = sourcecode.swift; path = profileScreen.swift; sourceTree = "<group>"; };
		C0398E7E22A9D2F70084D5CE /* historyScreen.swift */ = {isa = PBXFileReference; lastKnownFileType = sourcecode.swift; path = historyScreen.swift; sourceTree = "<group>"; };
		C0398E8022A9D50B0084D5CE /* Trophy.json */ = {isa = PBXFileReference; fileEncoding = 4; lastKnownFileType = text.json; path = Trophy.json; sourceTree = "<group>"; };
		C0398E8222AC60320084D5CE /* historyCell.swift */ = {isa = PBXFileReference; lastKnownFileType = sourcecode.swift; path = historyCell.swift; sourceTree = "<group>"; };
		C03C55AE22A2269C003290C7 /* HitArcheryScoring.app */ = {isa = PBXFileReference; explicitFileType = wrapper.application; includeInIndex = 0; path = HitArcheryScoring.app; sourceTree = BUILT_PRODUCTS_DIR; };
		C03C55B122A2269C003290C7 /* AppDelegate.swift */ = {isa = PBXFileReference; lastKnownFileType = sourcecode.swift; path = AppDelegate.swift; sourceTree = "<group>"; };
		C03C55B322A2269C003290C7 /* targetScoring.swift */ = {isa = PBXFileReference; lastKnownFileType = sourcecode.swift; path = targetScoring.swift; sourceTree = "<group>"; };
		C03C55B622A2269C003290C7 /* Base */ = {isa = PBXFileReference; lastKnownFileType = file.storyboard; name = Base; path = Base.lproj/Main.storyboard; sourceTree = "<group>"; };
		C03C55B822A2269D003290C7 /* Assets.xcassets */ = {isa = PBXFileReference; lastKnownFileType = folder.assetcatalog; path = Assets.xcassets; sourceTree = "<group>"; };
		C03C55BB22A2269D003290C7 /* Base */ = {isa = PBXFileReference; lastKnownFileType = file.storyboard; name = Base; path = Base.lproj/LaunchScreen.storyboard; sourceTree = "<group>"; };
		C03C55BD22A2269D003290C7 /* Info.plist */ = {isa = PBXFileReference; lastKnownFileType = text.plist.xml; path = Info.plist; sourceTree = "<group>"; };
		C03C55C222A2269D003290C7 /* HitArcheryScoringTests.xctest */ = {isa = PBXFileReference; explicitFileType = wrapper.cfbundle; includeInIndex = 0; path = HitArcheryScoringTests.xctest; sourceTree = BUILT_PRODUCTS_DIR; };
		C03C55C622A2269D003290C7 /* HitArcheryScoringTests.swift */ = {isa = PBXFileReference; lastKnownFileType = sourcecode.swift; path = HitArcheryScoringTests.swift; sourceTree = "<group>"; };
		C03C55C822A2269D003290C7 /* Info.plist */ = {isa = PBXFileReference; lastKnownFileType = text.plist.xml; path = Info.plist; sourceTree = "<group>"; };
		C03C55CD22A2269D003290C7 /* HitArcheryScoringUITests.xctest */ = {isa = PBXFileReference; explicitFileType = wrapper.cfbundle; includeInIndex = 0; path = HitArcheryScoringUITests.xctest; sourceTree = BUILT_PRODUCTS_DIR; };
		C03C55D122A2269D003290C7 /* HitArcheryScoringUITests.swift */ = {isa = PBXFileReference; lastKnownFileType = sourcecode.swift; path = HitArcheryScoringUITests.swift; sourceTree = "<group>"; };
		C03C55D322A2269D003290C7 /* Info.plist */ = {isa = PBXFileReference; lastKnownFileType = text.plist.xml; path = Info.plist; sourceTree = "<group>"; };
		C0729FED22A7605600A283FB /* keyboard.xib */ = {isa = PBXFileReference; lastKnownFileType = file.xib; path = keyboard.xib; sourceTree = "<group>"; };
		C0729FEF22A7632200A283FB /* keyboard.swift */ = {isa = PBXFileReference; lastKnownFileType = sourcecode.swift; path = keyboard.swift; sourceTree = "<group>"; };
		C0729FF122A7C83C00A283FB /* cancelScoring.storyboard */ = {isa = PBXFileReference; lastKnownFileType = file.storyboard; path = cancelScoring.storyboard; sourceTree = "<group>"; };
		C0729FF322A7C85C00A283FB /* cancelScoring.swift */ = {isa = PBXFileReference; lastKnownFileType = sourcecode.swift; path = cancelScoring.swift; sourceTree = "<group>"; };
		C0729FF522A89C0600A283FB /* finishScoring.storyboard */ = {isa = PBXFileReference; lastKnownFileType = file.storyboard; path = finishScoring.storyboard; sourceTree = "<group>"; };
		C0729FF722A89C2F00A283FB /* finishScoring.swift */ = {isa = PBXFileReference; lastKnownFileType = sourcecode.swift; path = finishScoring.swift; sourceTree = "<group>"; };
		C0729FF922A8A6FE00A283FB /* congratsScreen.storyboard */ = {isa = PBXFileReference; lastKnownFileType = file.storyboard; path = congratsScreen.storyboard; sourceTree = "<group>"; };
		C0729FFB22A8A71A00A283FB /* congratsScreen.swift */ = {isa = PBXFileReference; lastKnownFileType = sourcecode.swift; path = congratsScreen.swift; sourceTree = "<group>"; };
		C0729FFD22A8EEF700A283FB /* congratsEndCell.swift */ = {isa = PBXFileReference; lastKnownFileType = sourcecode.swift; path = congratsEndCell.swift; sourceTree = "<group>"; };
		C07C919622A4EFC3005CCF98 /* targetScoring.storyboard */ = {isa = PBXFileReference; lastKnownFileType = file.storyboard; path = targetScoring.storyboard; sourceTree = "<group>"; };
		C07C919922A4EFFF005CCF98 /* HomeScreen.swift */ = {isa = PBXFileReference; lastKnownFileType = sourcecode.swift; path = HomeScreen.swift; sourceTree = "<group>"; };
		C07C919C22A50701005CCF98 /* startScoring.storyboard */ = {isa = PBXFileReference; lastKnownFileType = file.storyboard; path = startScoring.storyboard; sourceTree = "<group>"; };
		C07C919E22A50725005CCF98 /* startScoring.swift */ = {isa = PBXFileReference; lastKnownFileType = sourcecode.swift; path = startScoring.swift; sourceTree = "<group>"; };
		C07C91A322A61EF6005CCF98 /* ScoringRoundCell.swift */ = {isa = PBXFileReference; lastKnownFileType = sourcecode.swift; path = ScoringRoundCell.swift; sourceTree = "<group>"; };
		C07C91A522A71B18005CCF98 /* textScoring.storyboard */ = {isa = PBXFileReference; lastKnownFileType = file.storyboard; path = textScoring.storyboard; sourceTree = "<group>"; };
		C07C91A722A71B50005CCF98 /* textScoring.swift */ = {isa = PBXFileReference; lastKnownFileType = sourcecode.swift; path = textScoring.swift; sourceTree = "<group>"; };
		C07C91A922A7251E005CCF98 /* threeArrowEndCell.swift */ = {isa = PBXFileReference; lastKnownFileType = sourcecode.swift; path = threeArrowEndCell.swift; sourceTree = "<group>"; };
		CC7C2E2DE7D6FE706931E618 /* Pods-HitArcheryScoring.release.xcconfig */ = {isa = PBXFileReference; includeInIndex = 1; lastKnownFileType = text.xcconfig; name = "Pods-HitArcheryScoring.release.xcconfig"; path = "Pods/Target Support Files/Pods-HitArcheryScoring/Pods-HitArcheryScoring.release.xcconfig"; sourceTree = "<group>"; };
		D2D6689ED3DCF38E98843A35 /* Pods_HitArcheryScoringTests.framework */ = {isa = PBXFileReference; explicitFileType = wrapper.framework; includeInIndex = 0; path = Pods_HitArcheryScoringTests.framework; sourceTree = BUILT_PRODUCTS_DIR; };
		E9E77A1FA88BCBB0B0826A24 /* Pods-HitArcheryScoringTests.debug.xcconfig */ = {isa = PBXFileReference; includeInIndex = 1; lastKnownFileType = text.xcconfig; name = "Pods-HitArcheryScoringTests.debug.xcconfig"; path = "Pods/Target Support Files/Pods-HitArcheryScoringTests/Pods-HitArcheryScoringTests.debug.xcconfig"; sourceTree = "<group>"; };
/* End PBXFileReference section */

/* Begin PBXFrameworksBuildPhase section */
		C03C55AB22A2269C003290C7 /* Frameworks */ = {
			isa = PBXFrameworksBuildPhase;
			buildActionMask = 2147483647;
			files = (
				AC3F9BC5EC66F75781C10B06 /* Pods_HitArcheryScoring.framework in Frameworks */,
			);
			runOnlyForDeploymentPostprocessing = 0;
		};
		C03C55BF22A2269D003290C7 /* Frameworks */ = {
			isa = PBXFrameworksBuildPhase;
			buildActionMask = 2147483647;
			files = (
				E026034611A3E949BF45F322 /* Pods_HitArcheryScoringTests.framework in Frameworks */,
			);
			runOnlyForDeploymentPostprocessing = 0;
		};
		C03C55CA22A2269D003290C7 /* Frameworks */ = {
			isa = PBXFrameworksBuildPhase;
			buildActionMask = 2147483647;
			files = (
				57762306E2D034D56776F44C /* Pods_HitArcheryScoringUITests.framework in Frameworks */,
			);
			runOnlyForDeploymentPostprocessing = 0;
		};
/* End PBXFrameworksBuildPhase section */

/* Begin PBXGroup section */
		5F2F97307F95030AF3AD6128 /* Pods */ = {
			isa = PBXGroup;
			children = (
				13593F812E66B586A8C4E7E5 /* Pods-HitArcheryScoring.debug.xcconfig */,
				CC7C2E2DE7D6FE706931E618 /* Pods-HitArcheryScoring.release.xcconfig */,
				E9E77A1FA88BCBB0B0826A24 /* Pods-HitArcheryScoringTests.debug.xcconfig */,
				9FF2B8DE71FAB6B81835CD2D /* Pods-HitArcheryScoringTests.release.xcconfig */,
				B4A6D140C90535F103A8F106 /* Pods-HitArcheryScoringUITests.debug.xcconfig */,
				33721BCCFF9B2BCBEEF6DE00 /* Pods-HitArcheryScoringUITests.release.xcconfig */,
			);
			name = Pods;
			sourceTree = "<group>";
		};
		60172D50515F4276B11E214E /* Frameworks */ = {
			isa = PBXGroup;
			children = (
				52A091EBF9E11F8CA7AD0FB8 /* Pods_HitArcheryScoring.framework */,
				D2D6689ED3DCF38E98843A35 /* Pods_HitArcheryScoringTests.framework */,
				9FC8CD36C06137F8FEF41057 /* Pods_HitArcheryScoringUITests.framework */,
			);
			name = Frameworks;
			sourceTree = "<group>";
		};
		C0398E7122A907DD0084D5CE /* Lottie Animations */ = {
			isa = PBXGroup;
			children = (
				C0398E7822A9188F0084D5CE /* BowAnimationData.json */,
				C0398E8022A9D50B0084D5CE /* Trophy.json */,
			);
			path = "Lottie Animations";
			sourceTree = "<group>";
		};
		C03C55A522A2269C003290C7 = {
			isa = PBXGroup;
			children = (
				C03C55B022A2269C003290C7 /* HitArcheryScoring */,
				C03C55C522A2269D003290C7 /* HitArcheryScoringTests */,
				C03C55D022A2269D003290C7 /* HitArcheryScoringUITests */,
				C03C55AF22A2269C003290C7 /* Products */,
				5F2F97307F95030AF3AD6128 /* Pods */,
				60172D50515F4276B11E214E /* Frameworks */,
			);
			sourceTree = "<group>";
		};
		C03C55AF22A2269C003290C7 /* Products */ = {
			isa = PBXGroup;
			children = (
				C03C55AE22A2269C003290C7 /* HitArcheryScoring.app */,
				C03C55C222A2269D003290C7 /* HitArcheryScoringTests.xctest */,
				C03C55CD22A2269D003290C7 /* HitArcheryScoringUITests.xctest */,
			);
			name = Products;
			sourceTree = "<group>";
		};
		C03C55B022A2269C003290C7 /* HitArcheryScoring */ = {
			isa = PBXGroup;
			children = (
				C03C55B122A2269C003290C7 /* AppDelegate.swift */,
				C07C919822A4EFDF005CCF98 /* Main Screens */,
				C03C55DF22A24EA5003290C7 /* Storyboards */,
				C07C919B22A506CC005CCF98 /* Pop Ups */,
				C07C91A022A5D4CA005CCF98 /* Custom Classes */,
				C0398E7122A907DD0084D5CE /* Lottie Animations */,
				C03C55B822A2269D003290C7 /* Assets.xcassets */,
				C03C55BA22A2269D003290C7 /* LaunchScreen.storyboard */,
				C03C55BD22A2269D003290C7 /* Info.plist */,
			);
			path = HitArcheryScoring;
			sourceTree = "<group>";
		};
		C03C55C522A2269D003290C7 /* HitArcheryScoringTests */ = {
			isa = PBXGroup;
			children = (
				C03C55C622A2269D003290C7 /* HitArcheryScoringTests.swift */,
				C03C55C822A2269D003290C7 /* Info.plist */,
			);
			path = HitArcheryScoringTests;
			sourceTree = "<group>";
		};
		C03C55D022A2269D003290C7 /* HitArcheryScoringUITests */ = {
			isa = PBXGroup;
			children = (
				C03C55D122A2269D003290C7 /* HitArcheryScoringUITests.swift */,
				C03C55D322A2269D003290C7 /* Info.plist */,
			);
			path = HitArcheryScoringUITests;
			sourceTree = "<group>";
		};
		C03C55DF22A24EA5003290C7 /* Storyboards */ = {
			isa = PBXGroup;
			children = (
				C03C55B522A2269C003290C7 /* Main.storyboard */,
				C07C91A522A71B18005CCF98 /* textScoring.storyboard */,
				C07C919622A4EFC3005CCF98 /* targetScoring.storyboard */,
				C0729FF922A8A6FE00A283FB /* congratsScreen.storyboard */,
			);
			path = Storyboards;
			sourceTree = "<group>";
		};
		C07C919822A4EFDF005CCF98 /* Main Screens */ = {
			isa = PBXGroup;
			children = (
				C07C919922A4EFFF005CCF98 /* HomeScreen.swift */,
				C07C91A722A71B50005CCF98 /* textScoring.swift */,
				C03C55B322A2269C003290C7 /* targetScoring.swift */,
				C0729FFB22A8A71A00A283FB /* congratsScreen.swift */,
				C0398E7C22A9D23C0084D5CE /* profileScreen.swift */,
				C0398E7E22A9D2F70084D5CE /* historyScreen.swift */,
			);
			path = "Main Screens";
			sourceTree = "<group>";
		};
		C07C919B22A506CC005CCF98 /* Pop Ups */ = {
			isa = PBXGroup;
			children = (
				C07C919C22A50701005CCF98 /* startScoring.storyboard */,
				C07C919E22A50725005CCF98 /* startScoring.swift */,
				C0729FF122A7C83C00A283FB /* cancelScoring.storyboard */,
				C0729FF322A7C85C00A283FB /* cancelScoring.swift */,
				C0729FF522A89C0600A283FB /* finishScoring.storyboard */,
				C0729FF722A89C2F00A283FB /* finishScoring.swift */,
			);
			path = "Pop Ups";
			sourceTree = "<group>";
		};
		C07C91A022A5D4CA005CCF98 /* Custom Classes */ = {
			isa = PBXGroup;
			children = (
				C07C91A322A61EF6005CCF98 /* ScoringRoundCell.swift */,
				C0398E8222AC60320084D5CE /* historyCell.swift */,
				C07C91A922A7251E005CCF98 /* threeArrowEndCell.swift */,
				C0729FFD22A8EEF700A283FB /* congratsEndCell.swift */,
				C0729FED22A7605600A283FB /* keyboard.xib */,
				C0729FEF22A7632200A283FB /* keyboard.swift */,
				C0398E7A22A9C6FE0084D5CE /* customTabBar.swift */,
			);
			path = "Custom Classes";
			sourceTree = "<group>";
		};
/* End PBXGroup section */

/* Begin PBXNativeTarget section */
		C03C55AD22A2269C003290C7 /* HitArcheryScoring */ = {
			isa = PBXNativeTarget;
			buildConfigurationList = C03C55D622A2269D003290C7 /* Build configuration list for PBXNativeTarget "HitArcheryScoring" */;
			buildPhases = (
				2D5B821C708863FC9834CD6B /* [CP] Check Pods Manifest.lock */,
				C03C55AA22A2269C003290C7 /* Sources */,
				C03C55AB22A2269C003290C7 /* Frameworks */,
				C03C55AC22A2269C003290C7 /* Resources */,
				B5E528B798737510A2AD9262 /* [CP] Embed Pods Frameworks */,
			);
			buildRules = (
			);
			dependencies = (
			);
			name = HitArcheryScoring;
			productName = HitArcheryScoring;
			productReference = C03C55AE22A2269C003290C7 /* HitArcheryScoring.app */;
			productType = "com.apple.product-type.application";
		};
		C03C55C122A2269D003290C7 /* HitArcheryScoringTests */ = {
			isa = PBXNativeTarget;
			buildConfigurationList = C03C55D922A2269D003290C7 /* Build configuration list for PBXNativeTarget "HitArcheryScoringTests" */;
			buildPhases = (
				7D55D778629D8BBB5CEB8DD3 /* [CP] Check Pods Manifest.lock */,
				C03C55BE22A2269D003290C7 /* Sources */,
				C03C55BF22A2269D003290C7 /* Frameworks */,
				C03C55C022A2269D003290C7 /* Resources */,
			);
			buildRules = (
			);
			dependencies = (
				C03C55C422A2269D003290C7 /* PBXTargetDependency */,
			);
			name = HitArcheryScoringTests;
			productName = HitArcheryScoringTests;
			productReference = C03C55C222A2269D003290C7 /* HitArcheryScoringTests.xctest */;
			productType = "com.apple.product-type.bundle.unit-test";
		};
		C03C55CC22A2269D003290C7 /* HitArcheryScoringUITests */ = {
			isa = PBXNativeTarget;
			buildConfigurationList = C03C55DC22A2269D003290C7 /* Build configuration list for PBXNativeTarget "HitArcheryScoringUITests" */;
			buildPhases = (
				F78B5B6342E411689789DE5B /* [CP] Check Pods Manifest.lock */,
				C03C55C922A2269D003290C7 /* Sources */,
				C03C55CA22A2269D003290C7 /* Frameworks */,
				C03C55CB22A2269D003290C7 /* Resources */,
			);
			buildRules = (
			);
			dependencies = (
				C03C55CF22A2269D003290C7 /* PBXTargetDependency */,
			);
			name = HitArcheryScoringUITests;
			productName = HitArcheryScoringUITests;
			productReference = C03C55CD22A2269D003290C7 /* HitArcheryScoringUITests.xctest */;
			productType = "com.apple.product-type.bundle.ui-testing";
		};
/* End PBXNativeTarget section */

/* Begin PBXProject section */
		C03C55A622A2269C003290C7 /* Project object */ = {
			isa = PBXProject;
			attributes = {
				LastSwiftUpdateCheck = 1010;
				LastUpgradeCheck = 1010;
				ORGANIZATIONNAME = "Campbell Affleck";
				TargetAttributes = {
					C03C55AD22A2269C003290C7 = {
						CreatedOnToolsVersion = 10.1;
					};
					C03C55C122A2269D003290C7 = {
						CreatedOnToolsVersion = 10.1;
						TestTargetID = C03C55AD22A2269C003290C7;
					};
					C03C55CC22A2269D003290C7 = {
						CreatedOnToolsVersion = 10.1;
						TestTargetID = C03C55AD22A2269C003290C7;
					};
				};
			};
			buildConfigurationList = C03C55A922A2269C003290C7 /* Build configuration list for PBXProject "HitArcheryScoring" */;
			compatibilityVersion = "Xcode 9.3";
			developmentRegion = en;
			hasScannedForEncodings = 0;
			knownRegions = (
				en,
				Base,
			);
			mainGroup = C03C55A522A2269C003290C7;
			productRefGroup = C03C55AF22A2269C003290C7 /* Products */;
			projectDirPath = "";
			projectRoot = "";
			targets = (
				C03C55AD22A2269C003290C7 /* HitArcheryScoring */,
				C03C55C122A2269D003290C7 /* HitArcheryScoringTests */,
				C03C55CC22A2269D003290C7 /* HitArcheryScoringUITests */,
			);
		};
/* End PBXProject section */

/* Begin PBXResourcesBuildPhase section */
		C03C55AC22A2269C003290C7 /* Resources */ = {
			isa = PBXResourcesBuildPhase;
			buildActionMask = 2147483647;
			files = (
				C03C55BC22A2269D003290C7 /* LaunchScreen.storyboard in Resources */,
				C0729FF622A89C0600A283FB /* finishScoring.storyboard in Resources */,
				C07C919722A4EFC3005CCF98 /* targetScoring.storyboard in Resources */,
				C0398E7922A9188F0084D5CE /* BowAnimationData.json in Resources */,
				C0729FF222A7C83C00A283FB /* cancelScoring.storyboard in Resources */,
				C07C919D22A50701005CCF98 /* startScoring.storyboard in Resources */,
				C07C91A622A71B18005CCF98 /* textScoring.storyboard in Resources */,
				C03C55B922A2269D003290C7 /* Assets.xcassets in Resources */,
				C0729FFA22A8A6FE00A283FB /* congratsScreen.storyboard in Resources */,
				C03C55B722A2269C003290C7 /* Main.storyboard in Resources */,
				C0398E8122A9D50B0084D5CE /* Trophy.json in Resources */,
				C0729FEE22A7605600A283FB /* keyboard.xib in Resources */,
			);
			runOnlyForDeploymentPostprocessing = 0;
		};
		C03C55C022A2269D003290C7 /* Resources */ = {
			isa = PBXResourcesBuildPhase;
			buildActionMask = 2147483647;
			files = (
			);
			runOnlyForDeploymentPostprocessing = 0;
		};
		C03C55CB22A2269D003290C7 /* Resources */ = {
			isa = PBXResourcesBuildPhase;
			buildActionMask = 2147483647;
			files = (
			);
			runOnlyForDeploymentPostprocessing = 0;
		};
/* End PBXResourcesBuildPhase section */

/* Begin PBXShellScriptBuildPhase section */
		2D5B821C708863FC9834CD6B /* [CP] Check Pods Manifest.lock */ = {
			isa = PBXShellScriptBuildPhase;
			buildActionMask = 2147483647;
			files = (
			);
			inputFileListPaths = (
			);
			inputPaths = (
				"${PODS_PODFILE_DIR_PATH}/Podfile.lock",
				"${PODS_ROOT}/Manifest.lock",
			);
			name = "[CP] Check Pods Manifest.lock";
			outputFileListPaths = (
			);
			outputPaths = (
				"$(DERIVED_FILE_DIR)/Pods-HitArcheryScoring-checkManifestLockResult.txt",
			);
			runOnlyForDeploymentPostprocessing = 0;
			shellPath = /bin/sh;
			shellScript = "diff \"${PODS_PODFILE_DIR_PATH}/Podfile.lock\" \"${PODS_ROOT}/Manifest.lock\" > /dev/null\nif [ $? != 0 ] ; then\n    # print error to STDERR\n    echo \"error: The sandbox is not in sync with the Podfile.lock. Run 'pod install' or update your CocoaPods installation.\" >&2\n    exit 1\nfi\n# This output is used by Xcode 'outputs' to avoid re-running this script phase.\necho \"SUCCESS\" > \"${SCRIPT_OUTPUT_FILE_0}\"\n";
			showEnvVarsInLog = 0;
		};
		7D55D778629D8BBB5CEB8DD3 /* [CP] Check Pods Manifest.lock */ = {
			isa = PBXShellScriptBuildPhase;
			buildActionMask = 2147483647;
			files = (
			);
			inputFileListPaths = (
			);
			inputPaths = (
				"${PODS_PODFILE_DIR_PATH}/Podfile.lock",
				"${PODS_ROOT}/Manifest.lock",
			);
			name = "[CP] Check Pods Manifest.lock";
			outputFileListPaths = (
			);
			outputPaths = (
				"$(DERIVED_FILE_DIR)/Pods-HitArcheryScoringTests-checkManifestLockResult.txt",
			);
			runOnlyForDeploymentPostprocessing = 0;
			shellPath = /bin/sh;
			shellScript = "diff \"${PODS_PODFILE_DIR_PATH}/Podfile.lock\" \"${PODS_ROOT}/Manifest.lock\" > /dev/null\nif [ $? != 0 ] ; then\n    # print error to STDERR\n    echo \"error: The sandbox is not in sync with the Podfile.lock. Run 'pod install' or update your CocoaPods installation.\" >&2\n    exit 1\nfi\n# This output is used by Xcode 'outputs' to avoid re-running this script phase.\necho \"SUCCESS\" > \"${SCRIPT_OUTPUT_FILE_0}\"\n";
			showEnvVarsInLog = 0;
		};
		B5E528B798737510A2AD9262 /* [CP] Embed Pods Frameworks */ = {
			isa = PBXShellScriptBuildPhase;
			buildActionMask = 2147483647;
			files = (
			);
			inputFileListPaths = (
			);
			inputPaths = (
				"${SRCROOT}/Pods/Target Support Files/Pods-HitArcheryScoring/Pods-HitArcheryScoring-frameworks.sh",
				"${BUILT_PRODUCTS_DIR}/Realm/Realm.framework",
				"${BUILT_PRODUCTS_DIR}/RealmSwift/RealmSwift.framework",
				"${BUILT_PRODUCTS_DIR}/lottie-ios/Lottie.framework",
			);
			name = "[CP] Embed Pods Frameworks";
			outputFileListPaths = (
			);
			outputPaths = (
				"${TARGET_BUILD_DIR}/${FRAMEWORKS_FOLDER_PATH}/Realm.framework",
				"${TARGET_BUILD_DIR}/${FRAMEWORKS_FOLDER_PATH}/RealmSwift.framework",
				"${TARGET_BUILD_DIR}/${FRAMEWORKS_FOLDER_PATH}/Lottie.framework",
			);
			runOnlyForDeploymentPostprocessing = 0;
			shellPath = /bin/sh;
			shellScript = "\"${SRCROOT}/Pods/Target Support Files/Pods-HitArcheryScoring/Pods-HitArcheryScoring-frameworks.sh\"\n";
			showEnvVarsInLog = 0;
		};
		F78B5B6342E411689789DE5B /* [CP] Check Pods Manifest.lock */ = {
			isa = PBXShellScriptBuildPhase;
			buildActionMask = 2147483647;
			files = (
			);
			inputFileListPaths = (
			);
			inputPaths = (
				"${PODS_PODFILE_DIR_PATH}/Podfile.lock",
				"${PODS_ROOT}/Manifest.lock",
			);
			name = "[CP] Check Pods Manifest.lock";
			outputFileListPaths = (
			);
			outputPaths = (
				"$(DERIVED_FILE_DIR)/Pods-HitArcheryScoringUITests-checkManifestLockResult.txt",
			);
			runOnlyForDeploymentPostprocessing = 0;
			shellPath = /bin/sh;
			shellScript = "diff \"${PODS_PODFILE_DIR_PATH}/Podfile.lock\" \"${PODS_ROOT}/Manifest.lock\" > /dev/null\nif [ $? != 0 ] ; then\n    # print error to STDERR\n    echo \"error: The sandbox is not in sync with the Podfile.lock. Run 'pod install' or update your CocoaPods installation.\" >&2\n    exit 1\nfi\n# This output is used by Xcode 'outputs' to avoid re-running this script phase.\necho \"SUCCESS\" > \"${SCRIPT_OUTPUT_FILE_0}\"\n";
			showEnvVarsInLog = 0;
		};
/* End PBXShellScriptBuildPhase section */

/* Begin PBXSourcesBuildPhase section */
		C03C55AA22A2269C003290C7 /* Sources */ = {
			isa = PBXSourcesBuildPhase;
			buildActionMask = 2147483647;
			files = (
				C0398E7B22A9C6FE0084D5CE /* customTabBar.swift in Sources */,
				C07C919F22A50725005CCF98 /* startScoring.swift in Sources */,
				C03C55B422A2269C003290C7 /* targetScoring.swift in Sources */,
				C0729FF822A89C2F00A283FB /* finishScoring.swift in Sources */,
				C0729FF022A7632200A283FB /* keyboard.swift in Sources */,
				C0729FFE22A8EEF700A283FB /* congratsEndCell.swift in Sources */,
				C07C91A422A61EF6005CCF98 /* ScoringRoundCell.swift in Sources */,
				C0729FF422A7C85C00A283FB /* cancelScoring.swift in Sources */,
				C03C55B222A2269C003290C7 /* AppDelegate.swift in Sources */,
				C0398E7F22A9D2F70084D5CE /* historyScreen.swift in Sources */,
				C07C91A822A71B50005CCF98 /* textScoring.swift in Sources */,
				C07C919A22A4EFFF005CCF98 /* HomeScreen.swift in Sources */,
				C0729FFC22A8A71A00A283FB /* congratsScreen.swift in Sources */,
				C07C91AA22A7251E005CCF98 /* threeArrowEndCell.swift in Sources */,
				C0398E8322AC60320084D5CE /* historyCell.swift in Sources */,
				C0398E7D22A9D23C0084D5CE /* profileScreen.swift in Sources */,
			);
			runOnlyForDeploymentPostprocessing = 0;
		};
		C03C55BE22A2269D003290C7 /* Sources */ = {
			isa = PBXSourcesBuildPhase;
			buildActionMask = 2147483647;
			files = (
				C03C55C722A2269D003290C7 /* HitArcheryScoringTests.swift in Sources */,
			);
			runOnlyForDeploymentPostprocessing = 0;
		};
		C03C55C922A2269D003290C7 /* Sources */ = {
			isa = PBXSourcesBuildPhase;
			buildActionMask = 2147483647;
			files = (
				C03C55D222A2269D003290C7 /* HitArcheryScoringUITests.swift in Sources */,
			);
			runOnlyForDeploymentPostprocessing = 0;
		};
/* End PBXSourcesBuildPhase section */

/* Begin PBXTargetDependency section */
		C03C55C422A2269D003290C7 /* PBXTargetDependency */ = {
			isa = PBXTargetDependency;
			target = C03C55AD22A2269C003290C7 /* HitArcheryScoring */;
			targetProxy = C03C55C322A2269D003290C7 /* PBXContainerItemProxy */;
		};
		C03C55CF22A2269D003290C7 /* PBXTargetDependency */ = {
			isa = PBXTargetDependency;
			target = C03C55AD22A2269C003290C7 /* HitArcheryScoring */;
			targetProxy = C03C55CE22A2269D003290C7 /* PBXContainerItemProxy */;
		};
/* End PBXTargetDependency section */

/* Begin PBXVariantGroup section */
		C03C55B522A2269C003290C7 /* Main.storyboard */ = {
			isa = PBXVariantGroup;
			children = (
				C03C55B622A2269C003290C7 /* Base */,
			);
			name = Main.storyboard;
			sourceTree = "<group>";
		};
		C03C55BA22A2269D003290C7 /* LaunchScreen.storyboard */ = {
			isa = PBXVariantGroup;
			children = (
				C03C55BB22A2269D003290C7 /* Base */,
			);
			name = LaunchScreen.storyboard;
			sourceTree = "<group>";
		};
/* End PBXVariantGroup section */

/* Begin XCBuildConfiguration section */
		C03C55D422A2269D003290C7 /* Debug */ = {
			isa = XCBuildConfiguration;
			buildSettings = {
				ALWAYS_SEARCH_USER_PATHS = NO;
				CLANG_ANALYZER_NONNULL = YES;
				CLANG_ANALYZER_NUMBER_OBJECT_CONVERSION = YES_AGGRESSIVE;
				CLANG_CXX_LANGUAGE_STANDARD = "gnu++14";
				CLANG_CXX_LIBRARY = "libc++";
				CLANG_ENABLE_MODULES = YES;
				CLANG_ENABLE_OBJC_ARC = YES;
				CLANG_ENABLE_OBJC_WEAK = YES;
				CLANG_WARN_BLOCK_CAPTURE_AUTORELEASING = YES;
				CLANG_WARN_BOOL_CONVERSION = YES;
				CLANG_WARN_COMMA = YES;
				CLANG_WARN_CONSTANT_CONVERSION = YES;
				CLANG_WARN_DEPRECATED_OBJC_IMPLEMENTATIONS = YES;
				CLANG_WARN_DIRECT_OBJC_ISA_USAGE = YES_ERROR;
				CLANG_WARN_DOCUMENTATION_COMMENTS = YES;
				CLANG_WARN_EMPTY_BODY = YES;
				CLANG_WARN_ENUM_CONVERSION = YES;
				CLANG_WARN_INFINITE_RECURSION = YES;
				CLANG_WARN_INT_CONVERSION = YES;
				CLANG_WARN_NON_LITERAL_NULL_CONVERSION = YES;
				CLANG_WARN_OBJC_IMPLICIT_RETAIN_SELF = YES;
				CLANG_WARN_OBJC_LITERAL_CONVERSION = YES;
				CLANG_WARN_OBJC_ROOT_CLASS = YES_ERROR;
				CLANG_WARN_RANGE_LOOP_ANALYSIS = YES;
				CLANG_WARN_STRICT_PROTOTYPES = YES;
				CLANG_WARN_SUSPICIOUS_MOVE = YES;
				CLANG_WARN_UNGUARDED_AVAILABILITY = YES_AGGRESSIVE;
				CLANG_WARN_UNREACHABLE_CODE = YES;
				CLANG_WARN__DUPLICATE_METHOD_MATCH = YES;
				CODE_SIGN_IDENTITY = "iPhone Developer";
				COPY_PHASE_STRIP = NO;
				DEBUG_INFORMATION_FORMAT = dwarf;
				ENABLE_STRICT_OBJC_MSGSEND = YES;
				ENABLE_TESTABILITY = YES;
				GCC_C_LANGUAGE_STANDARD = gnu11;
				GCC_DYNAMIC_NO_PIC = NO;
				GCC_NO_COMMON_BLOCKS = YES;
				GCC_OPTIMIZATION_LEVEL = 0;
				GCC_PREPROCESSOR_DEFINITIONS = (
					"DEBUG=1",
					"$(inherited)",
				);
				GCC_WARN_64_TO_32_BIT_CONVERSION = YES;
				GCC_WARN_ABOUT_RETURN_TYPE = YES_ERROR;
				GCC_WARN_UNDECLARED_SELECTOR = YES;
				GCC_WARN_UNINITIALIZED_AUTOS = YES_AGGRESSIVE;
				GCC_WARN_UNUSED_FUNCTION = YES;
				GCC_WARN_UNUSED_VARIABLE = YES;
				IPHONEOS_DEPLOYMENT_TARGET = 12.1;
				MTL_ENABLE_DEBUG_INFO = INCLUDE_SOURCE;
				MTL_FAST_MATH = YES;
				ONLY_ACTIVE_ARCH = YES;
				SDKROOT = iphoneos;
				SWIFT_ACTIVE_COMPILATION_CONDITIONS = DEBUG;
				SWIFT_OPTIMIZATION_LEVEL = "-Onone";
			};
			name = Debug;
		};
		C03C55D522A2269D003290C7 /* Release */ = {
			isa = XCBuildConfiguration;
			buildSettings = {
				ALWAYS_SEARCH_USER_PATHS = NO;
				CLANG_ANALYZER_NONNULL = YES;
				CLANG_ANALYZER_NUMBER_OBJECT_CONVERSION = YES_AGGRESSIVE;
				CLANG_CXX_LANGUAGE_STANDARD = "gnu++14";
				CLANG_CXX_LIBRARY = "libc++";
				CLANG_ENABLE_MODULES = YES;
				CLANG_ENABLE_OBJC_ARC = YES;
				CLANG_ENABLE_OBJC_WEAK = YES;
				CLANG_WARN_BLOCK_CAPTURE_AUTORELEASING = YES;
				CLANG_WARN_BOOL_CONVERSION = YES;
				CLANG_WARN_COMMA = YES;
				CLANG_WARN_CONSTANT_CONVERSION = YES;
				CLANG_WARN_DEPRECATED_OBJC_IMPLEMENTATIONS = YES;
				CLANG_WARN_DIRECT_OBJC_ISA_USAGE = YES_ERROR;
				CLANG_WARN_DOCUMENTATION_COMMENTS = YES;
				CLANG_WARN_EMPTY_BODY = YES;
				CLANG_WARN_ENUM_CONVERSION = YES;
				CLANG_WARN_INFINITE_RECURSION = YES;
				CLANG_WARN_INT_CONVERSION = YES;
				CLANG_WARN_NON_LITERAL_NULL_CONVERSION = YES;
				CLANG_WARN_OBJC_IMPLICIT_RETAIN_SELF = YES;
				CLANG_WARN_OBJC_LITERAL_CONVERSION = YES;
				CLANG_WARN_OBJC_ROOT_CLASS = YES_ERROR;
				CLANG_WARN_RANGE_LOOP_ANALYSIS = YES;
				CLANG_WARN_STRICT_PROTOTYPES = YES;
				CLANG_WARN_SUSPICIOUS_MOVE = YES;
				CLANG_WARN_UNGUARDED_AVAILABILITY = YES_AGGRESSIVE;
				CLANG_WARN_UNREACHABLE_CODE = YES;
				CLANG_WARN__DUPLICATE_METHOD_MATCH = YES;
				CODE_SIGN_IDENTITY = "iPhone Developer";
				COPY_PHASE_STRIP = NO;
				DEBUG_INFORMATION_FORMAT = "dwarf-with-dsym";
				ENABLE_NS_ASSERTIONS = NO;
				ENABLE_STRICT_OBJC_MSGSEND = YES;
				GCC_C_LANGUAGE_STANDARD = gnu11;
				GCC_NO_COMMON_BLOCKS = YES;
				GCC_WARN_64_TO_32_BIT_CONVERSION = YES;
				GCC_WARN_ABOUT_RETURN_TYPE = YES_ERROR;
				GCC_WARN_UNDECLARED_SELECTOR = YES;
				GCC_WARN_UNINITIALIZED_AUTOS = YES_AGGRESSIVE;
				GCC_WARN_UNUSED_FUNCTION = YES;
				GCC_WARN_UNUSED_VARIABLE = YES;
				IPHONEOS_DEPLOYMENT_TARGET = 12.1;
				MTL_ENABLE_DEBUG_INFO = NO;
				MTL_FAST_MATH = YES;
				SDKROOT = iphoneos;
				SWIFT_COMPILATION_MODE = wholemodule;
				SWIFT_OPTIMIZATION_LEVEL = "-O";
				VALIDATE_PRODUCT = YES;
			};
			name = Release;
		};
		C03C55D722A2269D003290C7 /* Debug */ = {
			isa = XCBuildConfiguration;
			baseConfigurationReference = 13593F812E66B586A8C4E7E5 /* Pods-HitArcheryScoring.debug.xcconfig */;
			buildSettings = {
				ASSETCATALOG_COMPILER_APPICON_NAME = AppIcon;
				CODE_SIGN_STYLE = Automatic;
				DEVELOPMENT_TEAM = K8YB85UQ9B;
				INFOPLIST_FILE = HitArcheryScoring/Info.plist;
				IPHONEOS_DEPLOYMENT_TARGET = 11.0;
				LD_RUNPATH_SEARCH_PATHS = (
					"$(inherited)",
					"@executable_path/Frameworks",
				);
				PRODUCT_BUNDLE_IDENTIFIER = campbellaffleck.HitArcheryScoring;
				PRODUCT_NAME = "$(TARGET_NAME)";
				SWIFT_VERSION = 4.2;
				TARGETED_DEVICE_FAMILY = "1,2";
			};
			name = Debug;
		};
		C03C55D822A2269D003290C7 /* Release */ = {
			isa = XCBuildConfiguration;
			baseConfigurationReference = CC7C2E2DE7D6FE706931E618 /* Pods-HitArcheryScoring.release.xcconfig */;
			buildSettings = {
				ASSETCATALOG_COMPILER_APPICON_NAME = AppIcon;
				CODE_SIGN_STYLE = Automatic;
				DEVELOPMENT_TEAM = K8YB85UQ9B;
				INFOPLIST_FILE = HitArcheryScoring/Info.plist;
				IPHONEOS_DEPLOYMENT_TARGET = 11.0;
				LD_RUNPATH_SEARCH_PATHS = (
					"$(inherited)",
					"@executable_path/Frameworks",
				);
				PRODUCT_BUNDLE_IDENTIFIER = campbellaffleck.HitArcheryScoring;
				PRODUCT_NAME = "$(TARGET_NAME)";
				SWIFT_VERSION = 4.2;
				TARGETED_DEVICE_FAMILY = "1,2";
			};
			name = Release;
		};
		C03C55DA22A2269D003290C7 /* Debug */ = {
			isa = XCBuildConfiguration;
			baseConfigurationReference = E9E77A1FA88BCBB0B0826A24 /* Pods-HitArcheryScoringTests.debug.xcconfig */;
			buildSettings = {
				ALWAYS_EMBED_SWIFT_STANDARD_LIBRARIES = YES;
				BUNDLE_LOADER = "$(TEST_HOST)";
				CODE_SIGN_STYLE = Automatic;
				DEVELOPMENT_TEAM = K8YB85UQ9B;
				INFOPLIST_FILE = HitArcheryScoringTests/Info.plist;
				LD_RUNPATH_SEARCH_PATHS = (
					"$(inherited)",
					"@executable_path/Frameworks",
					"@loader_path/Frameworks",
				);
				PRODUCT_BUNDLE_IDENTIFIER = campbellaffleck.HitArcheryScoringTests;
				PRODUCT_NAME = "$(TARGET_NAME)";
				SWIFT_VERSION = 4.2;
				TARGETED_DEVICE_FAMILY = "1,2";
				TEST_HOST = "$(BUILT_PRODUCTS_DIR)/HitArcheryScoring.app/HitArcheryScoring";
			};
			name = Debug;
		};
		C03C55DB22A2269D003290C7 /* Release */ = {
			isa = XCBuildConfiguration;
			baseConfigurationReference = 9FF2B8DE71FAB6B81835CD2D /* Pods-HitArcheryScoringTests.release.xcconfig */;
			buildSettings = {
				ALWAYS_EMBED_SWIFT_STANDARD_LIBRARIES = YES;
				BUNDLE_LOADER = "$(TEST_HOST)";
				CODE_SIGN_STYLE = Automatic;
				DEVELOPMENT_TEAM = K8YB85UQ9B;
				INFOPLIST_FILE = HitArcheryScoringTests/Info.plist;
				LD_RUNPATH_SEARCH_PATHS = (
					"$(inherited)",
					"@executable_path/Frameworks",
					"@loader_path/Frameworks",
				);
				PRODUCT_BUNDLE_IDENTIFIER = campbellaffleck.HitArcheryScoringTests;
				PRODUCT_NAME = "$(TARGET_NAME)";
				SWIFT_VERSION = 4.2;
				TARGETED_DEVICE_FAMILY = "1,2";
				TEST_HOST = "$(BUILT_PRODUCTS_DIR)/HitArcheryScoring.app/HitArcheryScoring";
			};
			name = Release;
		};
		C03C55DD22A2269D003290C7 /* Debug */ = {
			isa = XCBuildConfiguration;
			baseConfigurationReference = B4A6D140C90535F103A8F106 /* Pods-HitArcheryScoringUITests.debug.xcconfig */;
			buildSettings = {
				ALWAYS_EMBED_SWIFT_STANDARD_LIBRARIES = YES;
				CODE_SIGN_STYLE = Automatic;
				DEVELOPMENT_TEAM = K8YB85UQ9B;
				INFOPLIST_FILE = HitArcheryScoringUITests/Info.plist;
				LD_RUNPATH_SEARCH_PATHS = (
					"$(inherited)",
					"@executable_path/Frameworks",
					"@loader_path/Frameworks",
				);
				PRODUCT_BUNDLE_IDENTIFIER = campbellaffleck.HitArcheryScoringUITests;
				PRODUCT_NAME = "$(TARGET_NAME)";
				SWIFT_VERSION = 4.2;
				TARGETED_DEVICE_FAMILY = "1,2";
				TEST_TARGET_NAME = HitArcheryScoring;
			};
			name = Debug;
		};
		C03C55DE22A2269D003290C7 /* Release */ = {
			isa = XCBuildConfiguration;
			baseConfigurationReference = 33721BCCFF9B2BCBEEF6DE00 /* Pods-HitArcheryScoringUITests.release.xcconfig */;
			buildSettings = {
				ALWAYS_EMBED_SWIFT_STANDARD_LIBRARIES = YES;
				CODE_SIGN_STYLE = Automatic;
				DEVELOPMENT_TEAM = K8YB85UQ9B;
				INFOPLIST_FILE = HitArcheryScoringUITests/Info.plist;
				LD_RUNPATH_SEARCH_PATHS = (
					"$(inherited)",
					"@executable_path/Frameworks",
					"@loader_path/Frameworks",
				);
				PRODUCT_BUNDLE_IDENTIFIER = campbellaffleck.HitArcheryScoringUITests;
				PRODUCT_NAME = "$(TARGET_NAME)";
				SWIFT_VERSION = 4.2;
				TARGETED_DEVICE_FAMILY = "1,2";
				TEST_TARGET_NAME = HitArcheryScoring;
			};
			name = Release;
		};
/* End XCBuildConfiguration section */

/* Begin XCConfigurationList section */
		C03C55A922A2269C003290C7 /* Build configuration list for PBXProject "HitArcheryScoring" */ = {
			isa = XCConfigurationList;
			buildConfigurations = (
				C03C55D422A2269D003290C7 /* Debug */,
				C03C55D522A2269D003290C7 /* Release */,
			);
			defaultConfigurationIsVisible = 0;
			defaultConfigurationName = Release;
		};
		C03C55D622A2269D003290C7 /* Build configuration list for PBXNativeTarget "HitArcheryScoring" */ = {
			isa = XCConfigurationList;
			buildConfigurations = (
				C03C55D722A2269D003290C7 /* Debug */,
				C03C55D822A2269D003290C7 /* Release */,
			);
			defaultConfigurationIsVisible = 0;
			defaultConfigurationName = Release;
		};
		C03C55D922A2269D003290C7 /* Build configuration list for PBXNativeTarget "HitArcheryScoringTests" */ = {
			isa = XCConfigurationList;
			buildConfigurations = (
				C03C55DA22A2269D003290C7 /* Debug */,
				C03C55DB22A2269D003290C7 /* Release */,
			);
			defaultConfigurationIsVisible = 0;
			defaultConfigurationName = Release;
		};
		C03C55DC22A2269D003290C7 /* Build configuration list for PBXNativeTarget "HitArcheryScoringUITests" */ = {
			isa = XCConfigurationList;
			buildConfigurations = (
				C03C55DD22A2269D003290C7 /* Debug */,
				C03C55DE22A2269D003290C7 /* Release */,
			);
			defaultConfigurationIsVisible = 0;
			defaultConfigurationName = Release;
		};
/* End XCConfigurationList section */
	};
	rootObject = C03C55A622A2269C003290C7 /* Project object */;
}
